# This file is autogenerated, do not edit; changes may be undone by the next 'dep ensure'.


[[projects]]
  branch = "master"
  name = "github.com/BurntSushi/xgb"
  packages = [".","xproto"]
  revision = "27f122750802c950b2c869a5b63dafcf590ced95"

[[projects]]
  name = "github.com/disintegration/imaging"
  packages = ["."]
  revision = "a5858022df0e1734a59f973fffe3f87b51c087ed"
  version = "v1.2.1"

[[projects]]
  branch = "master"
  name = "github.com/vova616/screenshot"
  packages = ["."]
  revision = "1a664a5e77021c37592470a50f8402f44db08893"

[[projects]]
  branch = "master"
  name = "golang.org/x/image"
  packages = ["bmp","tiff","tiff/lzw"]
  revision = "e20db36d77bd0cb36cea8fe49d5c37d82d21591f"

[solve-meta]
  analyzer-name = "dep"
  analyzer-version = 1
  inputs-digest = "fed7468001fe9df6863a25399ed64a5ba661407ae7cf02bc26b65ed52ff47a5e"
  solver-name = "gps-cdcl"
  solver-version = 1
